
Microsoft Visual Studio Solution File, Format Version 12.00
# Visual Studio Version 17
VisualStudioVersion = 17.9.34728.123
MinimumVisualStudioVersion = 10.0.40219.1
Project("{FAE04EC0-301F-11D3-BF4B-00C04F79EFBC}") = "BookXpertAssignment", "BookXpertAssignment\BookXpertAssignment.csproj", "{CEF097C9-D4B8-4E79-91CA-40E94E43A82F}"
EndProject
Global
	GlobalSection(SolutionConfigurationPlatforms) = preSolution
		Debug|Any CPU = Debug|Any CPU
		Release|Any CPU = Release|Any CPU
	EndGlobalSection
	GlobalSection(ProjectConfigurationPlatforms) = postSolution
		{CEF097C9-D4B8-4E79-91CA-40E94E43A82F}.Debug|Any CPU.ActiveCfg = Debug|Any CPU
		{CEF097C9-D4B8-4E79-91CA-40E94E43A82F}.Debug|Any CPU.Build.0 = Debug|Any CPU
		{CEF097C9-D4B8-4E79-91CA-40E94E43A82F}.Release|Any CPU.ActiveCfg = Release|Any CPU
		{CEF097C9-D4B8-4E79-91CA-40E94E43A82F}.Release|Any CPU.Build.0 = Release|Any CPU
	EndGlobalSection
	GlobalSection(SolutionProperties) = preSolution
		HideSolutionNode = FALSE
	EndGlobalSection
	GlobalSection(ExtensibilityGlobals) = postSolution
		SolutionGuid = {AC709CAB-46CF-408B-BAC4-AA1E46EEE627}
	EndGlobalSection
EndGlobal
